
Microsoft Visual Studio Solution File, Format Version 12.00
# Visual Studio 15
VisualStudioVersion = 15.0.26730.12
MinimumVisualStudioVersion = 10.0.40219.1
Project("{9A19103F-16F7-4668-BE54-9A1E7A4F7556}") = "Lab19UnitTests", "Lab19UnitTests\Lab19UnitTests.csproj", "{99E74A89-14C6-4916-95C3-E3B64C8F9249}"
EndProject
Project("{2150E333-8FDC-42A3-9474-1A3956D46DE8}") = "Tests", "Tests", "{BE6CA68E-587E-45A4-915A-E58E6F6A1D3D}"
EndProject
Project("{FAE04EC0-301F-11D3-BF4B-00C04F79EFBC}") = "MyTests.tests", "Tests\MyTests.tests\MyTests.tests.csproj", "{4830D0A5-C8C4-4536-80AE-14280F690E65}"
EndProject
Global
	GlobalSection(SolutionConfigurationPlatforms) = preSolution
		Debug|Any CPU = Debug|Any CPU
		Release|Any CPU = Release|Any CPU
	EndGlobalSection
	GlobalSection(ProjectConfigurationPlatforms) = postSolution
		{99E74A89-14C6-4916-95C3-E3B64C8F9249}.Debug|Any CPU.ActiveCfg = Debug|Any CPU
		{99E74A89-14C6-4916-95C3-E3B64C8F9249}.Debug|Any CPU.Build.0 = Debug|Any CPU
		{99E74A89-14C6-4916-95C3-E3B64C8F9249}.Release|Any CPU.ActiveCfg = Release|Any CPU
		{99E74A89-14C6-4916-95C3-E3B64C8F9249}.Release|Any CPU.Build.0 = Release|Any CPU
		{4830D0A5-C8C4-4536-80AE-14280F690E65}.Debug|Any CPU.ActiveCfg = Debug|Any CPU
		{4830D0A5-C8C4-4536-80AE-14280F690E65}.Debug|Any CPU.Build.0 = Debug|Any CPU
		{4830D0A5-C8C4-4536-80AE-14280F690E65}.Release|Any CPU.ActiveCfg = Release|Any CPU
		{4830D0A5-C8C4-4536-80AE-14280F690E65}.Release|Any CPU.Build.0 = Release|Any CPU
	EndGlobalSection
	GlobalSection(SolutionProperties) = preSolution
		HideSolutionNode = FALSE
	EndGlobalSection
	GlobalSection(NestedProjects) = preSolution
		{4830D0A5-C8C4-4536-80AE-14280F690E65} = {BE6CA68E-587E-45A4-915A-E58E6F6A1D3D}
	EndGlobalSection
	GlobalSection(ExtensibilityGlobals) = postSolution
		SolutionGuid = {68514955-34C5-47A0-AF78-E0A073BAABCB}
	EndGlobalSection
EndGlobal
