
Microsoft Visual Studio Solution File, Format Version 12.00
# Visual Studio 15
VisualStudioVersion = 15.0.26730.10
MinimumVisualStudioVersion = 10.0.40219.1
Project("{FAE04EC0-301F-11D3-BF4B-00C04F79EFBC}") = "XUnitLab19George", "XUnitLab19George\XUnitLab19George.csproj", "{668E05A3-C312-4AC6-B209-C4366B5C4BFB}"
EndProject
Global
	GlobalSection(SolutionConfigurationPlatforms) = preSolution
		Debug|Any CPU = Debug|Any CPU
		Release|Any CPU = Release|Any CPU
	EndGlobalSection
	GlobalSection(ProjectConfigurationPlatforms) = postSolution
		{668E05A3-C312-4AC6-B209-C4366B5C4BFB}.Debug|Any CPU.ActiveCfg = Debug|Any CPU
		{668E05A3-C312-4AC6-B209-C4366B5C4BFB}.Debug|Any CPU.Build.0 = Debug|Any CPU
		{668E05A3-C312-4AC6-B209-C4366B5C4BFB}.Release|Any CPU.ActiveCfg = Release|Any CPU
		{668E05A3-C312-4AC6-B209-C4366B5C4BFB}.Release|Any CPU.Build.0 = Release|Any CPU
	EndGlobalSection
	GlobalSection(SolutionProperties) = preSolution
		HideSolutionNode = FALSE
	EndGlobalSection
	GlobalSection(ExtensibilityGlobals) = postSolution
		SolutionGuid = {E8DA99F9-6A28-4271-B2B6-1FDAF7118C3D}
	EndGlobalSection
EndGlobal
