
Microsoft Visual Studio Solution File, Format Version 12.00
# Visual Studio 15
VisualStudioVersion = 15.0.26730.12
MinimumVisualStudioVersion = 10.0.40219.1
Project("{9A19103F-16F7-4668-BE54-9A1E7A4F7556}") = "Lab19George", "Lab19George\Lab19George.csproj", "{557FDE9E-4129-49BB-9B8C-9C017833B821}"
EndProject
Project("{FAE04EC0-301F-11D3-BF4B-00C04F79EFBC}") = "XUnitTestProject1", "XUnitTestProject1\XUnitTestProject1.csproj", "{E005EAFB-6531-4866-A3F6-949861EB87BC}"
EndProject
Global
	GlobalSection(SolutionConfigurationPlatforms) = preSolution
		Debug|Any CPU = Debug|Any CPU
		Release|Any CPU = Release|Any CPU
	EndGlobalSection
	GlobalSection(ProjectConfigurationPlatforms) = postSolution
		{557FDE9E-4129-49BB-9B8C-9C017833B821}.Debug|Any CPU.ActiveCfg = Debug|Any CPU
		{557FDE9E-4129-49BB-9B8C-9C017833B821}.Debug|Any CPU.Build.0 = Debug|Any CPU
		{557FDE9E-4129-49BB-9B8C-9C017833B821}.Release|Any CPU.ActiveCfg = Release|Any CPU
		{557FDE9E-4129-49BB-9B8C-9C017833B821}.Release|Any CPU.Build.0 = Release|Any CPU
		{E005EAFB-6531-4866-A3F6-949861EB87BC}.Debug|Any CPU.ActiveCfg = Debug|Any CPU
		{E005EAFB-6531-4866-A3F6-949861EB87BC}.Debug|Any CPU.Build.0 = Debug|Any CPU
		{E005EAFB-6531-4866-A3F6-949861EB87BC}.Release|Any CPU.ActiveCfg = Release|Any CPU
		{E005EAFB-6531-4866-A3F6-949861EB87BC}.Release|Any CPU.Build.0 = Release|Any CPU
	EndGlobalSection
	GlobalSection(SolutionProperties) = preSolution
		HideSolutionNode = FALSE
	EndGlobalSection
	GlobalSection(ExtensibilityGlobals) = postSolution
		SolutionGuid = {0466BF3A-0FFE-4D81-8DEC-64A675450026}
	EndGlobalSection
EndGlobal
