
Microsoft Visual Studio Solution File, Format Version 12.00
# Visual Studio 15
VisualStudioVersion = 15.0.26730.16
MinimumVisualStudioVersion = 10.0.40219.1
Project("{9A19103F-16F7-4668-BE54-9A1E7A4F7556}") = "lab16_brian", "lab16_brian\lab16_brian.csproj", "{FF8BCFC1-8184-4F0A-B15D-9F12879F1232}"
EndProject
Project("{2150E333-8FDC-42A3-9474-1A3956D46DE8}") = "Tests", "Tests", "{68FCE260-DB57-4C3C-9561-64E1F5DA3FFC}"
EndProject
Project("{FAE04EC0-301F-11D3-BF4B-00C04F79EFBC}") = "MyGUnitTests", "MyGUnitTests\MyGUnitTests.csproj", "{967BCF09-2BFD-4F1F-B955-A1F309D2C5EA}"
EndProject
Global
	GlobalSection(SolutionConfigurationPlatforms) = preSolution
		Debug|Any CPU = Debug|Any CPU
		Release|Any CPU = Release|Any CPU
	EndGlobalSection
	GlobalSection(ProjectConfigurationPlatforms) = postSolution
		{FF8BCFC1-8184-4F0A-B15D-9F12879F1232}.Debug|Any CPU.ActiveCfg = Debug|Any CPU
		{FF8BCFC1-8184-4F0A-B15D-9F12879F1232}.Debug|Any CPU.Build.0 = Debug|Any CPU
		{FF8BCFC1-8184-4F0A-B15D-9F12879F1232}.Release|Any CPU.ActiveCfg = Release|Any CPU
		{FF8BCFC1-8184-4F0A-B15D-9F12879F1232}.Release|Any CPU.Build.0 = Release|Any CPU
		{967BCF09-2BFD-4F1F-B955-A1F309D2C5EA}.Debug|Any CPU.ActiveCfg = Debug|Any CPU
		{967BCF09-2BFD-4F1F-B955-A1F309D2C5EA}.Debug|Any CPU.Build.0 = Debug|Any CPU
		{967BCF09-2BFD-4F1F-B955-A1F309D2C5EA}.Release|Any CPU.ActiveCfg = Release|Any CPU
		{967BCF09-2BFD-4F1F-B955-A1F309D2C5EA}.Release|Any CPU.Build.0 = Release|Any CPU
	EndGlobalSection
	GlobalSection(SolutionProperties) = preSolution
		HideSolutionNode = FALSE
	EndGlobalSection
	GlobalSection(NestedProjects) = preSolution
		{967BCF09-2BFD-4F1F-B955-A1F309D2C5EA} = {68FCE260-DB57-4C3C-9561-64E1F5DA3FFC}
	EndGlobalSection
	GlobalSection(ExtensibilityGlobals) = postSolution
		SolutionGuid = {944BCAFB-8AC5-4578-A168-38CE57D2BDCB}
	EndGlobalSection
EndGlobal
